
Microsoft Visual Studio Solution File, Format Version 12.00
# Visual Studio 15
Project("{FAE04EC0-301F-11D3-BF4B-00C04F79EFBC}") = "waves-block-time-stats", "waves-block-time-stats.csproj", "{772BC2DC-51B9-408D-982A-7749609A5957}"
EndProject
Global
	GlobalSection(SolutionConfigurationPlatforms) = preSolution
		Debug|anycpu = Debug|anycpu
		Release|anycpu = Release|anycpu
	EndGlobalSection
	GlobalSection(ProjectConfigurationPlatforms) = postSolution
		{772BC2DC-51B9-408D-982A-7749609A5957}.Debug|anycpu.ActiveCfg = Debug|anycpu
		{772BC2DC-51B9-408D-982A-7749609A5957}.Debug|anycpu.Build.0 = Debug|anycpu
		{772BC2DC-51B9-408D-982A-7749609A5957}.Release|anycpu.ActiveCfg = Release|anycpu
		{772BC2DC-51B9-408D-982A-7749609A5957}.Release|anycpu.Build.0 = Release|anycpu
	EndGlobalSection
EndGlobal
